Microsoft Visual Studio Solution File, Format Version 12.00
# Visual Studio Version 17
VisualStudioVersion = 17.5.2.0
MinimumVisualStudioVersion = 10.0.40219.1
Project("{2150E333-8FDC-42A3-9474-1A3956D46DE8}") = "backend", "backend", "{1AE8ACA6-933B-BF2A-3671-3E2EAC007D16}"
EndProject
Project("{FAE04EC0-301F-11D3-BF4B-00C04F79EFBC}") = "DocuMark.Api", "backend\DocuMark.Api.csproj", "{A0D736F4-B528-7EC4-5E6A-EC3B74238637}"
EndProject
Global
	GlobalSection(SolutionConfigurationPlatforms) = preSolution
		Debug|Any CPU = Debug|Any CPU
		Release|Any CPU = Release|Any CPU
	EndGlobalSection
	GlobalSection(ProjectConfigurationPlatforms) = postSolution
		{A0D736F4-B528-7EC4-5E6A-EC3B74238637}.Debug|Any CPU.ActiveCfg = Debug|Any CPU
		{A0D736F4-B528-7EC4-5E6A-EC3B74238637}.Debug|Any CPU.Build.0 = Debug|Any CPU
		{A0D736F4-B528-7EC4-5E6A-EC3B74238637}.Release|Any CPU.ActiveCfg = Release|Any CPU
		{A0D736F4-B528-7EC4-5E6A-EC3B74238637}.Release|Any CPU.Build.0 = Release|Any CPU
	EndGlobalSection
	GlobalSection(SolutionProperties) = preSolution
		HideSolutionNode = FALSE
	EndGlobalSection
	GlobalSection(NestedProjects) = preSolution
		{A0D736F4-B528-7EC4-5E6A-EC3B74238637} = {1AE8ACA6-933B-BF2A-3671-3E2EAC007D16}
	EndGlobalSection
	GlobalSection(ExtensibilityGlobals) = postSolution
		SolutionGuid = {A0495C09-8431-4574-BF95-6C0A7E7F974F}
	EndGlobalSection
EndGlobal
